
Microsoft Visual Studio Solution File, Format Version 12.00
# Visual Studio Version 16
VisualStudioVersion = 16.0.29102.190
MinimumVisualStudioVersion = 10.0.40219.1
Project("{FAE04EC0-301F-11D3-BF4B-00C04F79EFBC}") = "Tccp.ApiController", "Tccp.ApiController.csproj", "{327A7B0C-737D-4B55-8ABF-CE477E64ADFF}"
EndProject
Global
	GlobalSection(SolutionConfigurationPlatforms) = preSolution
		Debug|Any CPU = Debug|Any CPU
		Release|Any CPU = Release|Any CPU
	EndGlobalSection
	GlobalSection(ProjectConfigurationPlatforms) = postSolution
		{327A7B0C-737D-4B55-8ABF-CE477E64ADFF}.Debug|Any CPU.ActiveCfg = Debug|Any CPU
		{327A7B0C-737D-4B55-8ABF-CE477E64ADFF}.Debug|Any CPU.Build.0 = Debug|Any CPU
		{327A7B0C-737D-4B55-8ABF-CE477E64ADFF}.Release|Any CPU.ActiveCfg = Release|Any CPU
		{327A7B0C-737D-4B55-8ABF-CE477E64ADFF}.Release|Any CPU.Build.0 = Release|Any CPU
	EndGlobalSection
	GlobalSection(SolutionProperties) = preSolution
		HideSolutionNode = FALSE
	EndGlobalSection
	GlobalSection(ExtensibilityGlobals) = postSolution
		SolutionGuid = {BAA3C5E8-CB7F-4565-8E6B-865DAC9DCD3E}
	EndGlobalSection
EndGlobal
